Microsoft Visual Studio Solution File, Format Version 12.00
# Visual Studio Version 17
VisualStudioVersion = 17.5.2.0
MinimumVisualStudioVersion = 10.0.40219.1
Project("{FAE04EC0-301F-11D3-BF4B-00C04F79EFBC}") = "POM-SAG", "POM-SAG\POM-SAG.csproj", "{84D3AABE-1F8A-6D53-5BD4-DF98FEA87263}"
EndProject
Global
	GlobalSection(SolutionConfigurationPlatforms) = preSolution
		Debug|Any CPU = Debug|Any CPU
		Release|Any CPU = Release|Any CPU
	EndGlobalSection
	GlobalSection(ProjectConfigurationPlatforms) = postSolution
		{84D3AABE-1F8A-6D53-5BD4-DF98FEA87263}.Debug|Any CPU.ActiveCfg = Debug|Any CPU
		{84D3AABE-1F8A-6D53-5BD4-DF98FEA87263}.Debug|Any CPU.Build.0 = Debug|Any CPU
		{84D3AABE-1F8A-6D53-5BD4-DF98FEA87263}.Release|Any CPU.ActiveCfg = Release|Any CPU
		{84D3AABE-1F8A-6D53-5BD4-DF98FEA87263}.Release|Any CPU.Build.0 = Release|Any CPU
	EndGlobalSection
	GlobalSection(SolutionProperties) = preSolution
		HideSolutionNode = FALSE
	EndGlobalSection
	GlobalSection(ExtensibilityGlobals) = postSolution
		SolutionGuid = {62A2A334-9BC1-45D9-8089-A97D6D18094E}
	EndGlobalSection
EndGlobal
